{
  "requires": true,
  "lockfileVersion": 1,
  "dependencies": {
    "folktale": {
      "version": "2.1.0",
      "resolved": "https://registry.npmjs.org/folktale/-/folktale-2.1.0.tgz",
      "integrity": "sha512-eG9lWx/MAOPoFllqASH7d1+QMl6qCd+E+rOPSWgulFPKG55506kXKQZLnMg3fMHFZUWY/2POZUPc/MH7048nIg=="
    },
    "immutable": {
      "version": "3.8.2",
      "resolved": "https://registry.npmjs.org/immutable/-/immutable-3.8.2.tgz",
      "integrity": "sha1-wkOZUUVbs5kT2vKBN28VMOEErfM="
    },
    "immutable-ext": {
      "version": "1.1.5",
      "resolved": "https://registry.npmjs.org/immutable-ext/-/immutable-ext-1.1.5.tgz",
      "integrity": "sha1-PN8noGdSfIWBe/FhoNrRNh7Vecs="
    },
    "infestines": {
      "version": "0.4.9",
      "resolved": "https://registry.npmjs.org/infestines/-/infestines-0.4.9.tgz",
      "integrity": "sha512-dlDmOhqKfkd8FubAraBWo/lfIHylOfFcQJBf8s+qOdm0YX/ngSLqq70Az52DabHxVlscRDYFurteYIb4yOzdXQ=="
    },
    "partial.lenses": {
      "version": "9.8.0",
      "resolved": "https://registry.npmjs.org/partial.lenses/-/partial.lenses-9.8.0.tgz",
      "integrity": "sha1-+FFPzMnutTm03822YkntGNH4QgI=",
      "requires": {
        "infestines": "0.4.9"
      }
    }
  }
}
